
Microsoft Visual Studio Solution File, Format Version 12.00
# Visual Studio 14
VisualStudioVersion = 14.0.23107.0
MinimumVisualStudioVersion = 10.0.40219.1
Project("{FAE04EC0-301F-11D3-BF4B-00C04F79EFBC}") = "Hospital", "Hospital\Hospital.csproj", "{FA8D9A90-E3F3-436B-A525-BC8E6C02DB31}"
EndProject
Project("{FAE04EC0-301F-11D3-BF4B-00C04F79EFBC}") = "Personnel", "Personnel\Personnel.csproj", "{CFDCCF10-BD9B-44B8-906A-C3E816F6FA5B}"
EndProject
Project("{FAE04EC0-301F-11D3-BF4B-00C04F79EFBC}") = "Structure", "Structure\Structure.csproj", "{F024D515-6CBF-4A78-B600-4EC4B44E885F}"
EndProject
Project("{FAE04EC0-301F-11D3-BF4B-00C04F79EFBC}") = "Information", "Information\Information.csproj", "{AAAD7A64-810E-4C00-9495-9519DB77AF8F}"
EndProject
Project("{FAE04EC0-301F-11D3-BF4B-00C04F79EFBC}") = "Storage", "Storage\Storage.csproj", "{FC54E265-CE87-4E73-89D8-888322FC0CAB}"
EndProject
Project("{FAE04EC0-301F-11D3-BF4B-00C04F79EFBC}") = "WPFgui", "WPFgui\WPFgui.csproj", "{33E167CC-5A74-48C5-9EC8-02616CC2B422}"
EndProject
Project("{FAE04EC0-301F-11D3-BF4B-00C04F79EFBC}") = "Outlook", "Outlook\Outlook.csproj", "{159D60DB-E79C-405E-94D9-47958001F769}"
EndProject
Global
	GlobalSection(SolutionConfigurationPlatforms) = preSolution
		Debug|Any CPU = Debug|Any CPU
		Release|Any CPU = Release|Any CPU
	EndGlobalSection
	GlobalSection(ProjectConfigurationPlatforms) = postSolution
		{FA8D9A90-E3F3-436B-A525-BC8E6C02DB31}.Debug|Any CPU.ActiveCfg = Debug|Any CPU
		{FA8D9A90-E3F3-436B-A525-BC8E6C02DB31}.Debug|Any CPU.Build.0 = Debug|Any CPU
		{FA8D9A90-E3F3-436B-A525-BC8E6C02DB31}.Release|Any CPU.ActiveCfg = Release|Any CPU
		{FA8D9A90-E3F3-436B-A525-BC8E6C02DB31}.Release|Any CPU.Build.0 = Release|Any CPU
		{CFDCCF10-BD9B-44B8-906A-C3E816F6FA5B}.Debug|Any CPU.ActiveCfg = Debug|Any CPU
		{CFDCCF10-BD9B-44B8-906A-C3E816F6FA5B}.Debug|Any CPU.Build.0 = Debug|Any CPU
		{CFDCCF10-BD9B-44B8-906A-C3E816F6FA5B}.Release|Any CPU.ActiveCfg = Release|Any CPU
		{CFDCCF10-BD9B-44B8-906A-C3E816F6FA5B}.Release|Any CPU.Build.0 = Release|Any CPU
		{F024D515-6CBF-4A78-B600-4EC4B44E885F}.Debug|Any CPU.ActiveCfg = Debug|Any CPU
		{F024D515-6CBF-4A78-B600-4EC4B44E885F}.Debug|Any CPU.Build.0 = Debug|Any CPU
		{F024D515-6CBF-4A78-B600-4EC4B44E885F}.Release|Any CPU.ActiveCfg = Release|Any CPU
		{F024D515-6CBF-4A78-B600-4EC4B44E885F}.Release|Any CPU.Build.0 = Release|Any CPU
		{AAAD7A64-810E-4C00-9495-9519DB77AF8F}.Debug|Any CPU.ActiveCfg = Debug|Any CPU
		{AAAD7A64-810E-4C00-9495-9519DB77AF8F}.Debug|Any CPU.Build.0 = Debug|Any CPU
		{AAAD7A64-810E-4C00-9495-9519DB77AF8F}.Release|Any CPU.ActiveCfg = Release|Any CPU
		{AAAD7A64-810E-4C00-9495-9519DB77AF8F}.Release|Any CPU.Build.0 = Release|Any CPU
		{FC54E265-CE87-4E73-89D8-888322FC0CAB}.Debug|Any CPU.ActiveCfg = Debug|Any CPU
		{FC54E265-CE87-4E73-89D8-888322FC0CAB}.Debug|Any CPU.Build.0 = Debug|Any CPU
		{FC54E265-CE87-4E73-89D8-888322FC0CAB}.Release|Any CPU.ActiveCfg = Release|Any CPU
		{FC54E265-CE87-4E73-89D8-888322FC0CAB}.Release|Any CPU.Build.0 = Release|Any CPU
		{33E167CC-5A74-48C5-9EC8-02616CC2B422}.Debug|Any CPU.ActiveCfg = Debug|Any CPU
		{33E167CC-5A74-48C5-9EC8-02616CC2B422}.Debug|Any CPU.Build.0 = Debug|Any CPU
		{33E167CC-5A74-48C5-9EC8-02616CC2B422}.Release|Any CPU.ActiveCfg = Release|Any CPU
		{33E167CC-5A74-48C5-9EC8-02616CC2B422}.Release|Any CPU.Build.0 = Release|Any CPU
		{159D60DB-E79C-405E-94D9-47958001F769}.Debug|Any CPU.ActiveCfg = Debug|Any CPU
		{159D60DB-E79C-405E-94D9-47958001F769}.Debug|Any CPU.Build.0 = Debug|Any CPU
		{159D60DB-E79C-405E-94D9-47958001F769}.Release|Any CPU.ActiveCfg = Release|Any CPU
		{159D60DB-E79C-405E-94D9-47958001F769}.Release|Any CPU.Build.0 = Release|Any CPU
	EndGlobalSection
	GlobalSection(SolutionProperties) = preSolution
		HideSolutionNode = FALSE
	EndGlobalSection
EndGlobal
